
Microsoft Visual Studio Solution File, Format Version 12.00
# Visual Studio Version 17
VisualStudioVersion = 17.13.35828.75 d17.13
MinimumVisualStudioVersion = 10.0.40219.1
Project("{FAE04EC0-301F-11D3-BF4B-00C04F79EFBC}") = "CV_App", "CV_App\CV_App.csproj", "{F007BAFD-F6A2-45D3-8954-A85CD8C5347D}"
EndProject
Project("{FAE04EC0-301F-11D3-BF4B-00C04F79EFBC}") = "CV_App.Client", "CV_App.Client\CV_App.Client.csproj", "{DEA52D3A-1536-4B28-8A51-EF4B39960298}"
EndProject
Global
	GlobalSection(SolutionConfigurationPlatforms) = preSolution
		Debug|Any CPU = Debug|Any CPU
		Release|Any CPU = Release|Any CPU
	EndGlobalSection
	GlobalSection(ProjectConfigurationPlatforms) = postSolution
		{F007BAFD-F6A2-45D3-8954-A85CD8C5347D}.Debug|Any CPU.ActiveCfg = Debug|Any CPU
		{F007BAFD-F6A2-45D3-8954-A85CD8C5347D}.Debug|Any CPU.Build.0 = Debug|Any CPU
		{F007BAFD-F6A2-45D3-8954-A85CD8C5347D}.Release|Any CPU.ActiveCfg = Release|Any CPU
		{F007BAFD-F6A2-45D3-8954-A85CD8C5347D}.Release|Any CPU.Build.0 = Release|Any CPU
		{DEA52D3A-1536-4B28-8A51-EF4B39960298}.Debug|Any CPU.ActiveCfg = Debug|Any CPU
		{DEA52D3A-1536-4B28-8A51-EF4B39960298}.Debug|Any CPU.Build.0 = Debug|Any CPU
		{DEA52D3A-1536-4B28-8A51-EF4B39960298}.Release|Any CPU.ActiveCfg = Release|Any CPU
		{DEA52D3A-1536-4B28-8A51-EF4B39960298}.Release|Any CPU.Build.0 = Release|Any CPU
	EndGlobalSection
	GlobalSection(SolutionProperties) = preSolution
		HideSolutionNode = FALSE
	EndGlobalSection
	GlobalSection(ExtensibilityGlobals) = postSolution
		SolutionGuid = {A986DE8D-BBBC-4146-8E38-8BEC4105010B}
	EndGlobalSection
EndGlobal
